// !$*UTF8*$!
{
	archiveVersion = 1;
	classes = {
	};
	objectVersion = 55;
	objects = {

/* Begin PBXBuildFile section */
		75D73F5123A6373682CF0E1D /* Pods_Ichat.framework in Frameworks */ = {isa = PBXBuildFile; fileRef = 1D25561CF895877CDEA4CCA0 /* Pods_Ichat.framework */; };
		B95267E9288FE6C600027CEB /* AppDelegate.swift in Sources */ = {isa = PBXBuildFile; fileRef = B95267E8288FE6C600027CEB /* AppDelegate.swift */; };
		B95267EB288FE6C600027CEB /* SceneDelegate.swift in Sources */ = {isa = PBXBuildFile; fileRef = B95267EA288FE6C600027CEB /* SceneDelegate.swift */; };
		B95267F0288FE6C600027CEB /* Main.storyboard in Resources */ = {isa = PBXBuildFile; fileRef = B95267EE288FE6C600027CEB /* Main.storyboard */; };
		B95267F2288FE6C800027CEB /* Assets.xcassets in Resources */ = {isa = PBXBuildFile; fileRef = B95267F1288FE6C800027CEB /* Assets.xcassets */; };
		B95267F5288FE6C800027CEB /* LaunchScreen.storyboard in Resources */ = {isa = PBXBuildFile; fileRef = B95267F3288FE6C800027CEB /* LaunchScreen.storyboard */; };
		B9526801288FE86A00027CEB /* GoogleService-Info.plist in Resources */ = {isa = PBXBuildFile; fileRef = B9526800288FE86A00027CEB /* GoogleService-Info.plist */; };
		B9526803288FEEF200027CEB /* AppViewController.swift in Sources */ = {isa = PBXBuildFile; fileRef = B9526802288FEEF200027CEB /* AppViewController.swift */; };
		B9526806288FEF2600027CEB /* GreetViewController.swift in Sources */ = {isa = PBXBuildFile; fileRef = B9526805288FEF2600027CEB /* GreetViewController.swift */; };
		B9526808288FEF3200027CEB /* AuthViewController.swift in Sources */ = {isa = PBXBuildFile; fileRef = B9526807288FEF3200027CEB /* AuthViewController.swift */; };
		B952680A288FEF4400027CEB /* RegViewController.swift in Sources */ = {isa = PBXBuildFile; fileRef = B9526809288FEF4400027CEB /* RegViewController.swift */; };
		B952680C288FF0BE00027CEB /* CheckField.swift in Sources */ = {isa = PBXBuildFile; fileRef = B952680B288FF0BE00027CEB /* CheckField.swift */; };
		B952680E288FF0DA00027CEB /* Model.swift in Sources */ = {isa = PBXBuildFile; fileRef = B952680D288FF0DA00027CEB /* Model.swift */; };
		B9526810288FF10400027CEB /* Service.swift in Sources */ = {isa = PBXBuildFile; fileRef = B952680F288FF10400027CEB /* Service.swift */; };
		B9F6AF372891320100DD8EF4 /* UsersViewController.swift in Sources */ = {isa = PBXBuildFile; fileRef = B9F6AF362891320100DD8EF4 /* UsersViewController.swift */; };
		B9F6AF3B289132BA00DD8EF4 /* UserCellTableViewCell.swift in Sources */ = {isa = PBXBuildFile; fileRef = B9F6AF39289132BA00DD8EF4 /* UserCellTableViewCell.swift */; };
		B9F6AF3C289132BA00DD8EF4 /* UserCellTableViewCell.xib in Resources */ = {isa = PBXBuildFile; fileRef = B9F6AF3A289132BA00DD8EF4 /* UserCellTableViewCell.xib */; };
/* End PBXBuildFile section */

/* Begin PBXFileReference section */
		1D25561CF895877CDEA4CCA0 /* Pods_Ichat.framework */ = {isa = PBXFileReference; explicitFileType = wrapper.framework; includeInIndex = 0; path = Pods_Ichat.framework; sourceTree = BUILT_PRODUCTS_DIR; };
		B95267E5288FE6C600027CEB /* Ichat.app */ = {isa = PBXFileReference; explicitFileType = wrapper.application; includeInIndex = 0; path = Ichat.app; sourceTree = BUILT_PRODUCTS_DIR; };
		B95267E8288FE6C600027CEB /* AppDelegate.swift */ = {isa = PBXFileReference; lastKnownFileType = sourcecode.swift; path = AppDelegate.swift; sourceTree = "<group>"; };
		B95267EA288FE6C600027CEB /* SceneDelegate.swift */ = {isa = PBXFileReference; lastKnownFileType = sourcecode.swift; path = SceneDelegate.swift; sourceTree = "<group>"; };
		B95267EF288FE6C600027CEB /* Base */ = {isa = PBXFileReference; lastKnownFileType = file.storyboard; name = Base; path = Base.lproj/Main.storyboard; sourceTree = "<group>"; };
		B95267F1288FE6C800027CEB /* Assets.xcassets */ = {isa = PBXFileReference; lastKnownFileType = folder.assetcatalog; path = Assets.xcassets; sourceTree = "<group>"; };
		B95267F4288FE6C800027CEB /* Base */ = {isa = PBXFileReference; lastKnownFileType = file.storyboard; name = Base; path = Base.lproj/LaunchScreen.storyboard; sourceTree = "<group>"; };
		B95267F6288FE6C800027CEB /* Info.plist */ = {isa = PBXFileReference; lastKnownFileType = text.plist.xml; path = Info.plist; sourceTree = "<group>"; };
		B9526800288FE86A00027CEB /* GoogleService-Info.plist */ = {isa = PBXFileReference; fileEncoding = 4; lastKnownFileType = text.plist.xml; path = "GoogleService-Info.plist"; sourceTree = "<group>"; };
		B9526802288FEEF200027CEB /* AppViewController.swift */ = {isa = PBXFileReference; lastKnownFileType = sourcecode.swift; path = AppViewController.swift; sourceTree = "<group>"; };
		B9526805288FEF2600027CEB /* GreetViewController.swift */ = {isa = PBXFileReference; lastKnownFileType = sourcecode.swift; path = GreetViewController.swift; sourceTree = "<group>"; };
		B9526807288FEF3200027CEB /* AuthViewController.swift */ = {isa = PBXFileReference; lastKnownFileType = sourcecode.swift; path = AuthViewController.swift; sourceTree = "<group>"; };
		B9526809288FEF4400027CEB /* RegViewController.swift */ = {isa = PBXFileReference; lastKnownFileType = sourcecode.swift; path = RegViewController.swift; sourceTree = "<group>"; };
		B952680B288FF0BE00027CEB /* CheckField.swift */ = {isa = PBXFileReference; lastKnownFileType = sourcecode.swift; path = CheckField.swift; sourceTree = "<group>"; };
		B952680D288FF0DA00027CEB /* Model.swift */ = {isa = PBXFileReference; lastKnownFileType = sourcecode.swift; path = Model.swift; sourceTree = "<group>"; };
		B952680F288FF10400027CEB /* Service.swift */ = {isa = PBXFileReference; lastKnownFileType = sourcecode.swift; path = Service.swift; sourceTree = "<group>"; };
		B9F6AF362891320100DD8EF4 /* UsersViewController.swift */ = {isa = PBXFileReference; lastKnownFileType = sourcecode.swift; path = UsersViewController.swift; sourceTree = "<group>"; };
		B9F6AF39289132BA00DD8EF4 /* UserCellTableViewCell.swift */ = {isa = PBXFileReference; lastKnownFileType = sourcecode.swift; path = UserCellTableViewCell.swift; sourceTree = "<group>"; };
		B9F6AF3A289132BA00DD8EF4 /* UserCellTableViewCell.xib */ = {isa = PBXFileReference; lastKnownFileType = file.xib; path = UserCellTableViewCell.xib; sourceTree = "<group>"; };
		BF61F3D5D7A2461DFEB8C649 /* Pods-Ichat.debug.xcconfig */ = {isa = PBXFileReference; includeInIndex = 1; lastKnownFileType = text.xcconfig; name = "Pods-Ichat.debug.xcconfig"; path = "Target Support Files/Pods-Ichat/Pods-Ichat.debug.xcconfig"; sourceTree = "<group>"; };
		C75F07CE5BA343F1005F12A3 /* Pods-Ichat.release.xcconfig */ = {isa = PBXFileReference; includeInIndex = 1; lastKnownFileType = text.xcconfig; name = "Pods-Ichat.release.xcconfig"; path = "Target Support Files/Pods-Ichat/Pods-Ichat.release.xcconfig"; sourceTree = "<group>"; };
/* End PBXFileReference section */

/* Begin PBXFrameworksBuildPhase section */
		B95267E2288FE6C600027CEB /* Frameworks */ = {
			isa = PBXFrameworksBuildPhase;
			buildActionMask = 2147483647;
			files = (
				75D73F5123A6373682CF0E1D /* Pods_Ichat.framework in Frameworks */,
			);
			runOnlyForDeploymentPostprocessing = 0;
		};
/* End PBXFrameworksBuildPhase section */

/* Begin PBXGroup section */
		A3E0D14C0A523AE482F75072 /* Pods */ = {
			isa = PBXGroup;
			children = (
				BF61F3D5D7A2461DFEB8C649 /* Pods-Ichat.debug.xcconfig */,
				C75F07CE5BA343F1005F12A3 /* Pods-Ichat.release.xcconfig */,
			);
			path = Pods;
			sourceTree = "<group>";
		};
		B95267DC288FE6C600027CEB = {
			isa = PBXGroup;
			children = (
				B95267E7288FE6C600027CEB /* Ichat */,
				B95267E6288FE6C600027CEB /* Products */,
				A3E0D14C0A523AE482F75072 /* Pods */,
				EBC99A7AD81581B2E6710562 /* Frameworks */,
			);
			sourceTree = "<group>";
		};
		B95267E6288FE6C600027CEB /* Products */ = {
			isa = PBXGroup;
			children = (
				B95267E5288FE6C600027CEB /* Ichat.app */,
			);
			name = Products;
			sourceTree = "<group>";
		};
		B95267E7288FE6C600027CEB /* Ichat */ = {
			isa = PBXGroup;
			children = (
				B9F6AF3228912DAA00DD8EF4 /* Resources */,
				B95267FE288FE6E700027CEB /* Controller */,
				B95267FD288FE6E000027CEB /* View */,
				B95267FC288FE6D800027CEB /* Model */,
				B9526800288FE86A00027CEB /* GoogleService-Info.plist */,
				B95267F6288FE6C800027CEB /* Info.plist */,
			);
			path = Ichat;
			sourceTree = "<group>";
		};
		B95267FC288FE6D800027CEB /* Model */ = {
			isa = PBXGroup;
			children = (
				B952680B288FF0BE00027CEB /* CheckField.swift */,
				B952680D288FF0DA00027CEB /* Model.swift */,
				B952680F288FF10400027CEB /* Service.swift */,
			);
			path = Model;
			sourceTree = "<group>";
		};
		B95267FD288FE6E000027CEB /* View */ = {
			isa = PBXGroup;
			children = (
				B9F6AF382891328900DD8EF4 /* UsersView */,
				B95267F1288FE6C800027CEB /* Assets.xcassets */,
				B9F6AF3328912DDE00DD8EF4 /* Storyboards */,
			);
			path = View;
			sourceTree = "<group>";
		};
		B95267FE288FE6E700027CEB /* Controller */ = {
			isa = PBXGroup;
			children = (
				B9526804288FEEFB00027CEB /* Login */,
				B95267FF288FE6F800027CEB /* AppControllers */,
			);
			path = Controller;
			sourceTree = "<group>";
		};
		B95267FF288FE6F800027CEB /* AppControllers */ = {
			isa = PBXGroup;
			children = (
				B9F6AF35289131A100DD8EF4 /* Messenger */,
				B9F6AF342891319200DD8EF4 /* Users */,
				B9526802288FEEF200027CEB /* AppViewController.swift */,
			);
			path = AppControllers;
			sourceTree = "<group>";
		};
		B9526804288FEEFB00027CEB /* Login */ = {
			isa = PBXGroup;
			children = (
				B9526805288FEF2600027CEB /* GreetViewController.swift */,
				B9526807288FEF3200027CEB /* AuthViewController.swift */,
				B9526809288FEF4400027CEB /* RegViewController.swift */,
			);
			path = Login;
			sourceTree = "<group>";
		};
		B9F6AF3228912DAA00DD8EF4 /* Resources */ = {
			isa = PBXGroup;
			children = (
				B95267E8288FE6C600027CEB /* AppDelegate.swift */,
				B95267EA288FE6C600027CEB /* SceneDelegate.swift */,
			);
			path = Resources;
			sourceTree = "<group>";
		};
		B9F6AF3328912DDE00DD8EF4 /* Storyboards */ = {
			isa = PBXGroup;
			children = (
				B95267EE288FE6C600027CEB /* Main.storyboard */,
				B95267F3288FE6C800027CEB /* LaunchScreen.storyboard */,
			);
			path = Storyboards;
			sourceTree = "<group>";
		};
		B9F6AF342891319200DD8EF4 /* Users */ = {
			isa = PBXGroup;
			children = (
				B9F6AF362891320100DD8EF4 /* UsersViewController.swift */,
			);
			path = Users;
			sourceTree = "<group>";
		};
		B9F6AF35289131A100DD8EF4 /* Messenger */ = {
			isa = PBXGroup;
			children = (
			);
			path = Messenger;
			sourceTree = "<group>";
		};
		B9F6AF382891328900DD8EF4 /* UsersView */ = {
			isa = PBXGroup;
			children = (
				B9F6AF39289132BA00DD8EF4 /* UserCellTableViewCell.swift */,
				B9F6AF3A289132BA00DD8EF4 /* UserCellTableViewCell.xib */,
			);
			path = UsersView;
			sourceTree = "<group>";
		};
		EBC99A7AD81581B2E6710562 /* Frameworks */ = {
			isa = PBXGroup;
			children = (
				1D25561CF895877CDEA4CCA0 /* Pods_Ichat.framework */,
			);
			name = Frameworks;
			sourceTree = "<group>";
		};
/* End PBXGroup section */

/* Begin PBXNativeTarget section */
		B95267E4288FE6C600027CEB /* Ichat */ = {
			isa = PBXNativeTarget;
			buildConfigurationList = B95267F9288FE6C800027CEB /* Build configuration list for PBXNativeTarget "Ichat" */;
			buildPhases = (
				4EEEF7219BFF5227D610F9D3 /* [CP] Check Pods Manifest.lock */,
				B95267E1288FE6C600027CEB /* Sources */,
				B95267E2288FE6C600027CEB /* Frameworks */,
				B95267E3288FE6C600027CEB /* Resources */,
				3C4185F5ADE8C9299F971E0E /* [CP] Embed Pods Frameworks */,
			);
			buildRules = (
			);
			dependencies = (
			);
			name = Ichat;
			productName = Ichat;
			productReference = B95267E5288FE6C600027CEB /* Ichat.app */;
			productType = "com.apple.product-type.application";
		};
/* End PBXNativeTarget section */

/* Begin PBXProject section */
		B95267DD288FE6C600027CEB /* Project object */ = {
			isa = PBXProject;
			attributes = {
				BuildIndependentTargetsInParallel = 1;
				LastSwiftUpdateCheck = 1340;
				LastUpgradeCheck = 1340;
				TargetAttributes = {
					B95267E4288FE6C600027CEB = {
						CreatedOnToolsVersion = 13.4.1;
					};
				};
			};
			buildConfigurationList = B95267E0288FE6C600027CEB /* Build configuration list for PBXProject "Ichat" */;
			compatibilityVersion = "Xcode 13.0";
			developmentRegion = en;
			hasScannedForEncodings = 0;
			knownRegions = (
				en,
				Base,
			);
			mainGroup = B95267DC288FE6C600027CEB;
			productRefGroup = B95267E6288FE6C600027CEB /* Products */;
			projectDirPath = "";
			projectRoot = "";
			targets = (
				B95267E4288FE6C600027CEB /* Ichat */,
			);
		};
/* End PBXProject section */

/* Begin PBXResourcesBuildPhase section */
		B95267E3288FE6C600027CEB /* Resources */ = {
			isa = PBXResourcesBuildPhase;
			buildActionMask = 2147483647;
			files = (
				B9F6AF3C289132BA00DD8EF4 /* UserCellTableViewCell.xib in Resources */,
				B95267F5288FE6C800027CEB /* LaunchScreen.storyboard in Resources */,
				B9526801288FE86A00027CEB /* GoogleService-Info.plist in Resources */,
				B95267F2288FE6C800027CEB /* Assets.xcassets in Resources */,
				B95267F0288FE6C600027CEB /* Main.storyboard in Resources */,
			);
			runOnlyForDeploymentPostprocessing = 0;
		};
/* End PBXResourcesBuildPhase section */

/* Begin PBXShellScriptBuildPhase section */
		3C4185F5ADE8C9299F971E0E /* [CP] Embed Pods Frameworks */ = {
			isa = PBXShellScriptBuildPhase;
			buildActionMask = 2147483647;
			files = (
			);
			inputFileListPaths = (
				"${PODS_ROOT}/Target Support Files/Pods-Ichat/Pods-Ichat-frameworks-${CONFIGURATION}-input-files.xcfilelist",
			);
			name = "[CP] Embed Pods Frameworks";
			outputFileListPaths = (
				"${PODS_ROOT}/Target Support Files/Pods-Ichat/Pods-Ichat-frameworks-${CONFIGURATION}-output-files.xcfilelist",
			);
			runOnlyForDeploymentPostprocessing = 0;
			shellPath = /bin/sh;
			shellScript = "\"${PODS_ROOT}/Target Support Files/Pods-Ichat/Pods-Ichat-frameworks.sh\"\n";
			showEnvVarsInLog = 0;
		};
		4EEEF7219BFF5227D610F9D3 /* [CP] Check Pods Manifest.lock */ = {
			isa = PBXShellScriptBuildPhase;
			buildActionMask = 2147483647;
			files = (
			);
			inputFileListPaths = (
			);
			inputPaths = (
				"${PODS_PODFILE_DIR_PATH}/Podfile.lock",
				"${PODS_ROOT}/Manifest.lock",
			);
			name = "[CP] Check Pods Manifest.lock";
			outputFileListPaths = (
			);
			outputPaths = (
				"$(DERIVED_FILE_DIR)/Pods-Ichat-checkManifestLockResult.txt",
			);
			runOnlyForDeploymentPostprocessing = 0;
			shellPath = /bin/sh;
			shellScript = "diff \"${PODS_PODFILE_DIR_PATH}/Podfile.lock\" \"${PODS_ROOT}/Manifest.lock\" > /dev/null\nif [ $? != 0 ] ; then\n    # print error to STDERR\n    echo \"error: The sandbox is not in sync with the Podfile.lock. Run 'pod install' or update your CocoaPods installation.\" >&2\n    exit 1\nfi\n# This output is used by Xcode 'outputs' to avoid re-running this script phase.\necho \"SUCCESS\" > \"${SCRIPT_OUTPUT_FILE_0}\"\n";
			showEnvVarsInLog = 0;
		};
/* End PBXShellScriptBuildPhase section */

/* Begin PBXSourcesBuildPhase section */
		B95267E1288FE6C600027CEB /* Sources */ = {
			isa = PBXSourcesBuildPhase;
			buildActionMask = 2147483647;
			files = (
				B9526806288FEF2600027CEB /* GreetViewController.swift in Sources */,
				B95267E9288FE6C600027CEB /* AppDelegate.swift in Sources */,
				B952680C288FF0BE00027CEB /* CheckField.swift in Sources */,
				B9526803288FEEF200027CEB /* AppViewController.swift in Sources */,
				B9526808288FEF3200027CEB /* AuthViewController.swift in Sources */,
				B9526810288FF10400027CEB /* Service.swift in Sources */,
				B9F6AF3B289132BA00DD8EF4 /* UserCellTableViewCell.swift in Sources */,
				B95267EB288FE6C600027CEB /* SceneDelegate.swift in Sources */,
				B9F6AF372891320100DD8EF4 /* UsersViewController.swift in Sources */,
				B952680A288FEF4400027CEB /* RegViewController.swift in Sources */,
				B952680E288FF0DA00027CEB /* Model.swift in Sources */,
			);
			runOnlyForDeploymentPostprocessing = 0;
		};
/* End PBXSourcesBuildPhase section */

/* Begin PBXVariantGroup section */
		B95267EE288FE6C600027CEB /* Main.storyboard */ = {
			isa = PBXVariantGroup;
			children = (
				B95267EF288FE6C600027CEB /* Base */,
			);
			name = Main.storyboard;
			sourceTree = "<group>";
		};
		B95267F3288FE6C800027CEB /* LaunchScreen.storyboard */ = {
			isa = PBXVariantGroup;
			children = (
				B95267F4288FE6C800027CEB /* Base */,
			);
			name = LaunchScreen.storyboard;
			sourceTree = "<group>";
		};
/* End PBXVariantGroup section */

/* Begin XCBuildConfiguration section */
		B95267F7288FE6C800027CEB /* Debug */ = {
			isa = XCBuildConfiguration;
			buildSettings = {
				ALWAYS_SEARCH_USER_PATHS = NO;
				CLANG_ANALYZER_NONNULL = YES;
				CLANG_ANALYZER_NUMBER_OBJECT_CONVERSION = YES_AGGRESSIVE;
				CLANG_CXX_LANGUAGE_STANDARD = "gnu++17";
				CLANG_ENABLE_MODULES = YES;
				CLANG_ENABLE_OBJC_ARC = YES;
				CLANG_ENABLE_OBJC_WEAK = YES;
				CLANG_WARN_BLOCK_CAPTURE_AUTORELEASING = YES;
				CLANG_WARN_BOOL_CONVERSION = YES;
				CLANG_WARN_COMMA = YES;
				CLANG_WARN_CONSTANT_CONVERSION = YES;
				CLANG_WARN_DEPRECATED_OBJC_IMPLEMENTATIONS = YES;
				CLANG_WARN_DIRECT_OBJC_ISA_USAGE = YES_ERROR;
				CLANG_WARN_DOCUMENTATION_COMMENTS = YES;
				CLANG_WARN_EMPTY_BODY = YES;
				CLANG_WARN_ENUM_CONVERSION = YES;
				CLANG_WARN_INFINITE_RECURSION = YES;
				CLANG_WARN_INT_CONVERSION = YES;
				CLANG_WARN_NON_LITERAL_NULL_CONVERSION = YES;
				CLANG_WARN_OBJC_IMPLICIT_RETAIN_SELF = YES;
				CLANG_WARN_OBJC_LITERAL_CONVERSION = YES;
				CLANG_WARN_OBJC_ROOT_CLASS = YES_ERROR;
				CLANG_WARN_QUOTED_INCLUDE_IN_FRAMEWORK_HEADER = YES;
				CLANG_WARN_RANGE_LOOP_ANALYSIS = YES;
				CLANG_WARN_STRICT_PROTOTYPES = YES;
				CLANG_WARN_SUSPICIOUS_MOVE = YES;
				CLANG_WARN_UNGUARDED_AVAILABILITY = YES_AGGRESSIVE;
				CLANG_WARN_UNREACHABLE_CODE = YES;
				CLANG_WARN__DUPLICATE_METHOD_MATCH = YES;
				COPY_PHASE_STRIP = NO;
				DEBUG_INFORMATION_FORMAT = dwarf;
				ENABLE_STRICT_OBJC_MSGSEND = YES;
				ENABLE_TESTABILITY = YES;
				GCC_C_LANGUAGE_STANDARD = gnu11;
				GCC_DYNAMIC_NO_PIC = NO;
				GCC_NO_COMMON_BLOCKS = YES;
				GCC_OPTIMIZATION_LEVEL = 0;
				GCC_PREPROCESSOR_DEFINITIONS = (
					"DEBUG=1",
					"$(inherited)",
				);
				GCC_WARN_64_TO_32_BIT_CONVERSION = YES;
				GCC_WARN_ABOUT_RETURN_TYPE = YES_ERROR;
				GCC_WARN_UNDECLARED_SELECTOR = YES;
				GCC_WARN_UNINITIALIZED_AUTOS = YES_AGGRESSIVE;
				GCC_WARN_UNUSED_FUNCTION = YES;
				GCC_WARN_UNUSED_VARIABLE = YES;
				IPHONEOS_DEPLOYMENT_TARGET = 15.5;
				MTL_ENABLE_DEBUG_INFO = INCLUDE_SOURCE;
				MTL_FAST_MATH = YES;
				ONLY_ACTIVE_ARCH = YES;
				SDKROOT = iphoneos;
				SWIFT_ACTIVE_COMPILATION_CONDITIONS = DEBUG;
				SWIFT_OPTIMIZATION_LEVEL = "-Onone";
			};
			name = Debug;
		};
		B95267F8288FE6C800027CEB /* Release */ = {
			isa = XCBuildConfiguration;
			buildSettings = {
				ALWAYS_SEARCH_USER_PATHS = NO;
				CLANG_ANALYZER_NONNULL = YES;
				CLANG_ANALYZER_NUMBER_OBJECT_CONVERSION = YES_AGGRESSIVE;
				CLANG_CXX_LANGUAGE_STANDARD = "gnu++17";
				CLANG_ENABLE_MODULES = YES;
				CLANG_ENABLE_OBJC_ARC = YES;
				CLANG_ENABLE_OBJC_WEAK = YES;
				CLANG_WARN_BLOCK_CAPTURE_AUTORELEASING = YES;
				CLANG_WARN_BOOL_CONVERSION = YES;
				CLANG_WARN_COMMA = YES;
				CLANG_WARN_CONSTANT_CONVERSION = YES;
				CLANG_WARN_DEPRECATED_OBJC_IMPLEMENTATIONS = YES;
				CLANG_WARN_DIRECT_OBJC_ISA_USAGE = YES_ERROR;
				CLANG_WARN_DOCUMENTATION_COMMENTS = YES;
				CLANG_WARN_EMPTY_BODY = YES;
				CLANG_WARN_ENUM_CONVERSION = YES;
				CLANG_WARN_INFINITE_RECURSION = YES;
				CLANG_WARN_INT_CONVERSION = YES;
				CLANG_WARN_NON_LITERAL_NULL_CONVERSION = YES;
				CLANG_WARN_OBJC_IMPLICIT_RETAIN_SELF = YES;
				CLANG_WARN_OBJC_LITERAL_CONVERSION = YES;
				CLANG_WARN_OBJC_ROOT_CLASS = YES_ERROR;
				CLANG_WARN_QUOTED_INCLUDE_IN_FRAMEWORK_HEADER = YES;
				CLANG_WARN_RANGE_LOOP_ANALYSIS = YES;
				CLANG_WARN_STRICT_PROTOTYPES = YES;
				CLANG_WARN_SUSPICIOUS_MOVE = YES;
				CLANG_WARN_UNGUARDED_AVAILABILITY = YES_AGGRESSIVE;
				CLANG_WARN_UNREACHABLE_CODE = YES;
				CLANG_WARN__DUPLICATE_METHOD_MATCH = YES;
				COPY_PHASE_STRIP = NO;
				DEBUG_INFORMATION_FORMAT = "dwarf-with-dsym";
				ENABLE_NS_ASSERTIONS = NO;
				ENABLE_STRICT_OBJC_MSGSEND = YES;
				GCC_C_LANGUAGE_STANDARD = gnu11;
				GCC_NO_COMMON_BLOCKS = YES;
				GCC_WARN_64_TO_32_BIT_CONVERSION = YES;
				GCC_WARN_ABOUT_RETURN_TYPE = YES_ERROR;
				GCC_WARN_UNDECLARED_SELECTOR = YES;
				GCC_WARN_UNINITIALIZED_AUTOS = YES_AGGRESSIVE;
				GCC_WARN_UNUSED_FUNCTION = YES;
				GCC_WARN_UNUSED_VARIABLE = YES;
				IPHONEOS_DEPLOYMENT_TARGET = 15.5;
				MTL_ENABLE_DEBUG_INFO = NO;
				MTL_FAST_MATH = YES;
				SDKROOT = iphoneos;
				SWIFT_COMPILATION_MODE = wholemodule;
				SWIFT_OPTIMIZATION_LEVEL = "-O";
				VALIDATE_PRODUCT = YES;
			};
			name = Release;
		};
		B95267FA288FE6C800027CEB /* Debug */ = {
			isa = XCBuildConfiguration;
			baseConfigurationReference = BF61F3D5D7A2461DFEB8C649 /* Pods-Ichat.debug.xcconfig */;
			buildSettings = {
				ASSETCATALOG_COMPILER_APPICON_NAME = AppIcon;
				ASSETCATALOG_COMPILER_GLOBAL_ACCENT_COLOR_NAME = AccentColor;
				CODE_SIGN_STYLE = Automatic;
				CURRENT_PROJECT_VERSION = 1;
				DEVELOPMENT_TEAM = ZW22V9BT45;
				GENERATE_INFOPLIST_FILE = YES;
				INFOPLIST_FILE = Ichat/Info.plist;
				INFOPLIST_KEY_UIApplicationSupportsIndirectInputEvents = YES;
				INFOPLIST_KEY_UILaunchStoryboardName = LaunchScreen;
				INFOPLIST_KEY_UIMainStoryboardFile = Main;
				INFOPLIST_KEY_UISupportedInterfaceOrientations = UIInterfaceOrientationPortrait;
				INFOPLIST_KEY_UISupportedInterfaceOrientations_iPad = "UIInterfaceOrientationPortrait UIInterfaceOrientationPortraitUpsideDown UIInterfaceOrientationLandscapeLeft UIInterfaceOrientationLandscapeRight";
				INFOPLIST_KEY_UISupportedInterfaceOrientations_iPhone = "UIInterfaceOrientationPortrait UIInterfaceOrientationLandscapeLeft UIInterfaceOrientationLandscapeRight";
				LD_RUNPATH_SEARCH_PATHS = (
					"$(inherited)",
					"@executable_path/Frameworks",
				);
				MARKETING_VERSION = 1.0;
				PRODUCT_BUNDLE_IDENTIFIER = io.portfolio.Doolot.Ichat;
				PRODUCT_NAME = "$(TARGET_NAME)";
				SWIFT_EMIT_LOC_STRINGS = YES;
				SWIFT_VERSION = 5.0;
				TARGETED_DEVICE_FAMILY = "1,2";
			};
			name = Debug;
		};
		B95267FB288FE6C800027CEB /* Release */ = {
			isa = XCBuildConfiguration;
			baseConfigurationReference = C75F07CE5BA343F1005F12A3 /* Pods-Ichat.release.xcconfig */;
			buildSettings = {
				ASSETCATALOG_COMPILER_APPICON_NAME = AppIcon;
				ASSETCATALOG_COMPILER_GLOBAL_ACCENT_COLOR_NAME = AccentColor;
				CODE_SIGN_STYLE = Automatic;
				CURRENT_PROJECT_VERSION = 1;
				DEVELOPMENT_TEAM = ZW22V9BT45;
				GENERATE_INFOPLIST_FILE = YES;
				INFOPLIST_FILE = Ichat/Info.plist;
				INFOPLIST_KEY_UIApplicationSupportsIndirectInputEvents = YES;
				INFOPLIST_KEY_UILaunchStoryboardName = LaunchScreen;
				INFOPLIST_KEY_UIMainStoryboardFile = Main;
				INFOPLIST_KEY_UISupportedInterfaceOrientations = UIInterfaceOrientationPortrait;
				INFOPLIST_KEY_UISupportedInterfaceOrientations_iPad = "UIInterfaceOrientationPortrait UIInterfaceOrientationPortraitUpsideDown UIInterfaceOrientationLandscapeLeft UIInterfaceOrientationLandscapeRight";
				INFOPLIST_KEY_UISupportedInterfaceOrientations_iPhone = "UIInterfaceOrientationPortrait UIInterfaceOrientationLandscapeLeft UIInterfaceOrientationLandscapeRight";
				LD_RUNPATH_SEARCH_PATHS = (
					"$(inherited)",
					"@executable_path/Frameworks",
				);
				MARKETING_VERSION = 1.0;
				PRODUCT_BUNDLE_IDENTIFIER = io.portfolio.Doolot.Ichat;
				PRODUCT_NAME = "$(TARGET_NAME)";
				SWIFT_EMIT_LOC_STRINGS = YES;
				SWIFT_VERSION = 5.0;
				TARGETED_DEVICE_FAMILY = "1,2";
			};
			name = Release;
		};
/* End XCBuildConfiguration section */

/* Begin XCConfigurationList section */
		B95267E0288FE6C600027CEB /* Build configuration list for PBXProject "Ichat" */ = {
			isa = XCConfigurationList;
			buildConfigurations = (
				B95267F7288FE6C800027CEB /* Debug */,
				B95267F8288FE6C800027CEB /* Release */,
			);
			defaultConfigurationIsVisible = 0;
			defaultConfigurationName = Release;
		};
		B95267F9288FE6C800027CEB /* Build configuration list for PBXNativeTarget "Ichat" */ = {
			isa = XCConfigurationList;
			buildConfigurations = (
				B95267FA288FE6C800027CEB /* Debug */,
				B95267FB288FE6C800027CEB /* Release */,
			);
			defaultConfigurationIsVisible = 0;
			defaultConfigurationName = Release;
		};
/* End XCConfigurationList section */
	};
	rootObject = B95267DD288FE6C600027CEB /* Project object */;
}
